cloud.google.com/go v0.26.0/go.mod h1:aQUYkXzVsufM+DwF1aE+0xfcU+56JwCaLick0ClmMTw=
github.com/AaronO/go-git-http v0.0.0-20161214145340-1d9485b3a98f h1:x/RDwGRneK2/891S2o7KhZt3MhHMSCssoeDOfvolTMk=
github.com/AaronO/go-git-http v0.0.0-20161214145340-1d9485b3a98f/go.mod h1:+6Yuq73F9068Na+mSBNXCvyuxvgw4f/g5ii40e3U8Sc=
github.com/Azure/go-ansiterm v0.0.0-20170929234023-d6e3b3328b78 h1:w+iIsaOQNcT7OZ575w+acHgRric5iCyQh+xv+KJ4HB8=
github.com/Azure/go-ansiterm v0.0.0-20170929234023-d6e3b3328b78/go.mod h1:LmzpDX56iTiv29bbRTIsUNlaFfuhWRQBWjQdVyAevI8=
github.com/BurntSushi/toml v0.3.1/go.mod h1:xHWCNGjB5oqiDr8zfno3MHue2Ht5sIBksp03qcyfWMU=
github.com/DataDog/zstd v1.4.0/go.mod h1:1jcaCB/ufaK+sKp1NBhlGmpz41jOoPQ35bpF36t7BBo=
github.com/MakeNowJust/heredoc v0.0.0-20170808103936-bb23615498cd h1:sjQovDkwrZp8u+gxLtPgKGjk5hCxuy2hrRejBTA9xFU=
github.com/MakeNowJust/heredoc v0.0.0-20170808103936-bb23615498cd/go.mod h1:64YHyfSL2R96J44Nlwm39UHepQbyR5q10x7iYa1ks2E=
github.com/Microsoft/go-winio v0.4.12 h1:xAfWHN1IrQ0NJ9TBC0KBZoqLjzDTr1ML+4MywiUOryc=
github.com/Microsoft/go-winio v0.4.12/go.mod h1:VhR8bwka0BXejwEJY73c50VrPtXAaKcyvVC4A4RozmA=
github.com/Microsoft/hcsshim v0.8.6/go.mod h1:Op3hHsoHPAvb6lceZHDtd9OkTew38wNoXnJs8iY7rUg=
github.com/Nvveen/Gotty v0.0.0-20120604004816-cd527374f1e5 h1:TngWCqHvy9oXAN6lEVMRuU21PR1EtLVZJmdB18Gu3Rw=
github.com/Nvveen/Gotty v0.0.0-20120604004816-cd527374f1e5/go.mod h1:lmUJ/7eu/Q8D7ML55dXQrVaamCz2vxCfdQBasLZfHKk=
github.com/PuerkitoBio/purell v1.1.0 h1:rmGxhojJlM0tuKtfdvliR84CFHljx9ag64t2xmVkjK4=
github.com/PuerkitoBio/purell v1.1.0/go.mod h1:c11w/QuzBsJSee3cPx9rAFu61PvFxuPbtSwDGJws/X0=
github.com/PuerkitoBio/urlesc v0.0.0-20170810143723-de5bf2ad4578 h1:d+Bc7a5rLufV/sSk/8dngufqelfh6jnri85riMAaF/M=
github.com/PuerkitoBio/urlesc v0.0.0-20170810143723-de5bf2ad4578/go.mod h1:uGdkoq3SwY9Y+13GIhn11/XLaGBb4BfwItxLd5jeuXE=
github.com/RangelReale/osincli v0.0.0-20160924135400-fababb0555f2 h1:x8Brv0YNEe6jY3V/hQglIG2nd8g5E2Zj5ubGKkPQctQ=
github.com/RangelReale/osincli v0.0.0-20160924135400-fababb0555f2/go.mod h1:XyjUkMA8GN+tOOPXvnbi3XuRxWFvTJntqvTFnjmhzbk=
github.com/alecthomas/template v0.0.0-20160405071501-a0175ee3bccc/go.mod h1:LOuyumcjzFXgccqObfd/Ljyb9UuFJ6TxHnclSeseNhc=
github.com/alecthomas/units v0.0.0-20151022065526-2efee857e7cf/go.mod h1:ybxpYRFXyAe+OPACYpWeL0wqObRcbAqCMya13uyzqw0=
github.com/alexbrainman/sspi v0.0.0-20180613141037-e580b900e9f5 h1:P5U+E4x5OkVEKQDklVPmzs71WM56RTTRqV4OrDC//Y4=
github.com/alexbrainman/sspi v0.0.0-20180613141037-e580b900e9f5/go.mod h1:976q2ETgjT2snVCf2ZaBnyBbVoPERGjUz+0sofzEfro=
github.com/aws/aws-sdk-go v1.16.26 h1:GWkl3rkRO/JGRTWoLLIqwf7AWC4/W/1hMOUZqmX0js4=
github.com/aws/aws-sdk-go v1.16.26/go.mod h1:KmX6BPdI08NWTb3/sm4ZGu5ShLoqVDhKgpiN924inxo=
github.com/beorn7/perks v0.0.0-20180321164747-3a771d992973 h1:xJ4a3vCFaGF/jqvzLMYoU8P317H5OQ+Via4RmuPwCS0=
github.com/beorn7/perks v0.0.0-20180321164747-3a771d992973/go.mod h1:Dwedo/Wpr24TaqPxmxbtue+5NUziq4I4S80YR8gNf3Q=
github.com/blang/semver v3.5.0+incompatible h1:CGxCgetQ64DKk7rdZ++Vfnb1+ogGNnB17OJKJXD2Cfs=
github.com/blang/semver v3.5.0+incompatible/go.mod h1:kRBLl5iJ+tD4TcOOxsy/0fnwebNt5EWlYSAyrTnjyyk=
github.com/certifi/gocertifi v0.0.0-20180905225744-ee1a9a0726d2 h1:MmeatFT1pTPSVb4nkPmBFN/LRZ97vPjsFKsZrU3KKTs=
github.com/certifi/gocertifi v0.0.0-20180905225744-ee1a9a0726d2/go.mod h1:GJKEexRPVJrBSOjoqN5VNOIKJ5Q3RViH6eu3puDRwx4=
github.com/chai2010/gettext-go v0.0.0-20160711120539-c6fed771bfd5 h1:7aWHqerlJ41y6FOsEUvknqgXnGmJyJSbjhAWq5pO4F8=
github.com/chai2010/gettext-go v0.0.0-20160711120539-c6fed771bfd5/go.mod h1:/iP1qXHoty45bqomnu2LM+VVyAEdWN+vtSHGlQgyxbw=
github.com/client9/misspell v0.3.4/go.mod h1:qj6jICC3Q7zFZvVWo7KLAzC3yx5G7kyvSDkc90ppPyw=
github.com/containerd/continuity v0.0.0-20190827140505-75bee3e2ccb6 h1:NmTXa/uVnDyp0TY5MKi197+3HWcnYWfnHGyaFthlnGw=
github.com/containerd/continuity v0.0.0-20190827140505-75bee3e2ccb6/go.mod h1:GL3xCUCBDV3CZiTSEKksMWbLE66hEyuu9qyDOOqM47Y=
github.com/containers/storage v0.0.0-20190726081758-912de200380a h1:UYoqox4nfNAm9Tb/tfcXZEsDGL1ku6Mx7e0cfgJOZQM=
github.com/containers/storage v0.0.0-20190726081758-912de200380a/go.mod h1:QsZp4XMJjyPNNbQHZeyNW3OmhwsWviI+7S6iOcu6a4c=
github.com/coreos/bbolt v1.3.1-coreos.6 h1:uTXKg9gY70s9jMAKdfljFQcuh4e/BXOM+V+d00KFj3A=
github.com/coreos/bbolt v1.3.1-coreos.6/go.mod h1:iRUV2dpdMOn7Bo10OQBFzIJO9kkE559Wcmn+qkEiiKk=
github.com/coreos/etcd v3.3.10+incompatible h1:jFneRYjIvLMLhDLCzuTuU4rSJUjRplcJQ7pD7MnhC04=
github.com/coreos/etcd v3.3.10+incompatible/go.mod h1:uF7uidLiAD3TWHmW31ZFd/JWoc32PjwdhPthX9715RE=
github.com/coreos/go-semver v0.3.0 h1:wkHLiw0WNATZnSG7epLsujiMCgPAc9xhjJ4tgnAxmfM=
github.com/coreos/go-semver v0.3.0/go.mod h1:nnelYz7RCh+5ahJtPPxZlU+153eP4D4r3EedlOD2RNk=
github.com/coreos/go-systemd v0.0.0-20190719114852-fd7a80b32e1f h1:JOrtw2xFKzlg+cbHpyrpLDmnN1HqhBfnX7WDiW7eG2c=
github.com/coreos/go-systemd v0.0.0-20190719114852-fd7a80b32e1f/go.mod h1:F5haX7vjVVG0kc13fIWeqUViNPyEJxv/OmvnBo0Yme4=
github.com/coreos/pkg v0.0.0-20180928190104-399ea9e2e55f h1:lBNOc5arjvs8E5mO2tbpBpLoyyu8B6e44T7hJy6potg=
github.com/coreos/pkg v0.0.0-20180928190104-399ea9e2e55f/go.mod h1:E3G3o1h8I7cfcXa63jLwjI0eiQQMgzzUDFVpN/nH/eA=
github.com/davecgh/go-spew v1.1.0/go.mod h1:J7Y8YcW2NihsgmVo/mv3lAwl/skON4iLHjSsI+c5H38=
github.com/davecgh/go-spew v1.1.1 h1:vj9j/u1bqnvCEfJOwUhtlOARqs3+rkHYY13jYWTU97c=
github.com/davecgh/go-spew v1.1.1/go.mod h1:J7Y8YcW2NihsgmVo/mv3lAwl/skON4iLHjSsI+c5H38=
github.com/daviddengcn/go-colortext v0.0.0-20160507010035-511bcaf42ccd h1:uVsMphB1eRx7xB1njzL3fuMdWRN8HtVzoUOItHMwv5c=
github.com/daviddengcn/go-colortext v0.0.0-20160507010035-511bcaf42ccd/go.mod h1:dv4zxwHi5C/8AeI+4gX4dCWOIvNi7I6JCSX0HvlKPgE=
github.com/dgrijalva/jwt-go v3.2.0+incompatible h1:7qlOGliEKZXTDg6OTjfoBKDXWrumCAMpl/TFQ4/5kLM=
github.com/dgrijalva/jwt-go v3.2.0+incompatible/go.mod h1:E3ru+11k8xSBh+hMPgOLZmtrrCbhqsmaPHjLKYnJCaQ=
github.com/docker/docker v0.0.0-20180612054059-a9fbbdc8dd87 h1:a9PI9K38c+lqsMzO5itpsaXd9BhUYWTC9GM7TN5Vn0U=
github.com/docker/docker v0.0.0-20180612054059-a9fbbdc8dd87/go.mod h1:eEKB0N0r5NX/I1kEveEz05bcu8tLC/8azJZsviup8Sk=
github.com/docker/go-connections v0.3.0 h1:3lOnM9cSzgGwx8VfK/NGOW5fLQ0GjIlCkaktF+n1M6o=
github.com/docker/go-connections v0.3.0/go.mod h1:Gbd7IOopHjR8Iph03tsViu4nIes5XhDvyHbTtUxmeec=
github.com/docker/go-metrics v0.0.1 h1:AgB/0SvBxihN0X8OR4SjsblXkbMvalQ8cjmtKQ2rQV8=
github.com/docker/go-metrics v0.0.1/go.mod h1:cG1hvH2utMXtqgqqYE9plW6lDxS3/5ayHzueweSI3Vw=
github.com/docker/go-units v0.4.0 h1:3uh0PgVws3nIA0Q+MwDC8yjEPf9zjRfZZWXZYDct3Tw=
github.com/docker/go-units v0.4.0/go.mod h1:fgPhTUdO+D/Jk86RDLlptpiXQzgHJF7gydDDbaIK4Dk=
github.com/docker/libnetwork v0.0.0-20180830151422-a9cd636e3789 h1:8rOK787QQFFZJcOLXPiKKidY/ie2OQpblM5gEAaenPs=
github.com/docker/libnetwork v0.0.0-20180830151422-a9cd636e3789/go.mod h1:93m0aTqz6z+g32wla4l4WxTrdtvBRmVzYRkYvasA5Z8=
github.com/docker/libtrust v0.0.0-20160708172513-aabc10ec26b7 h1:UhxFibDNY/bfvqU5CAUmr9zpesgbU6SWc8/B4mflAE4=
github.com/docker/libtrust v0.0.0-20160708172513-aabc10ec26b7/go.mod h1:cyGadeNEkKy96OOhEzfZl+yxihPEzKnqJwvfuSUqbZE=
github.com/docker/spdystream v0.0.0-20160310174837-449fdfce4d96 h1:cenwrSVm+Z7QLSV/BsnenAOcDXdX4cMv4wP0B/5QbPg=
github.com/docker/spdystream v0.0.0-20160310174837-449fdfce4d96/go.mod h1:Qh8CwZgvJUkLughtfhJv5dyTYa91l1fOUCrgjqmcifM=
github.com/elazarl/goproxy v0.0.0-20190911111923-ecfe977594f1 h1:yY9rWGoXv1U5pl4gxqlULARMQD7x0QG85lqEXTWysik=
github.com/elazarl/goproxy v0.0.0-20190911111923-ecfe977594f1/go.mod h1:Ro8st/ElPeALwNFlcTpWmkr6IoMFfkjXAvTHpevnDsM=
github.com/elazarl/goproxy/ext v0.0.0-20190711103511-473e67f1d7d2 h1:dWB6v3RcOy03t/bUadywsbyrQwCqZeNIEX6M1OtSZOM=
github.com/elazarl/goproxy/ext v0.0.0-20190711103511-473e67f1d7d2/go.mod h1:gNh8nYJoAm43RfaxurUnxr+N1PwuFV3ZMl/efxlIlY8=
github.com/emicklei/go-restful v0.0.0-20170410110728-ff4f55a20633 h1:H2pdYOb3KQ1/YsqVWoWNLQO+fusocsw354rqGTZtAgw=
github.com/emicklei/go-restful v0.0.0-20170410110728-ff4f55a20633/go.mod h1:otzb+WCGbkyDHkqmQmT5YD2WR4BBwUdeQoFo8l/7tVs=
github.com/evanphx/json-patch v4.2.0+incompatible h1:fUDGZCv/7iAN7u0puUVhvKCcsR6vRfwrJatElLBEf0I=
github.com/evanphx/json-patch v4.2.0+incompatible/go.mod h1:50XU6AFN0ol/bzJsmQLiYLvXMP4fmwYFNcr97nuDLSk=
github.com/exponent-io/jsonpath v0.0.0-20151013193312-d6023ce2651d h1:105gxyaGwCFad8crR9dcMQWvV9Hvulu6hwUh4tWPJnM=
github.com/exponent-io/jsonpath v0.0.0-20151013193312-d6023ce2651d/go.mod h1:ZZMPRZwes7CROmyNKgQzC3XPs6L/G2EJLHddWejkmf4=
github.com/fatih/camelcase v0.0.0-20160318181535-f6a740d52f96 h1:5e8GDOdG6jKeeqNGbR+tlmqhf4vQVs3atTTMEWeEcAk=
github.com/fatih/camelcase v0.0.0-20160318181535-f6a740d52f96/go.mod h1:yN2Sb0lFhZJUdVvtELVWefmrXpuZESvPmqwoZc+/fpc=
github.com/fsnotify/fsnotify v1.4.7 h1:IXs+QLmnXW2CcXuY+8Mzv/fWEsPGWxqefPtCP5CnV9I=
github.com/fsnotify/fsnotify v1.4.7/go.mod h1:jwhsz4b93w/PPRr/qN1Yymfu8t87LnFCMoQvtojpjFo=
github.com/fsouza/go-dockerclient v0.0.0-20171004212419-da3951ba2e9e h1:B94x7idrPK5yFSMWliAvakUQlTDLgO7iJyHtpbYxGGM=
github.com/fsouza/go-dockerclient v0.0.0-20171004212419-da3951ba2e9e/go.mod h1:KpcjM623fQYE9MZiTGzKhjfxXAV9wbyX2C1cyRHfhl0=
github.com/getsentry/raven-go v0.0.0-20190513200303-c977f96e1095 h1:F2m41rgyxoveZKD+Z6xwyAbtdNeVvhpi9BpQLvt5oRU=
github.com/getsentry/raven-go v0.0.0-20190513200303-c977f96e1095/go.mod h1:KungGk8q33+aIAZUIVWZDr2OfAEBsO49PX4NzFV5kcQ=
github.com/ghodss/yaml v0.0.0-20150909031657-73d445a93680 h1:ZktWZesgun21uEDrwW7iEV1zPCGQldM2atlJZ3TdvVM=
github.com/ghodss/yaml v0.0.0-20150909031657-73d445a93680/go.mod h1:4dBDuWmgqj2HViK6kFavaiC9ZROes6MMH2rRYeMEF04=
github.com/go-kit/kit v0.8.0/go.mod h1:xBxKIO96dXMWWy0MnWVtmwkA9/13aqxPnvrjFYMA2as=
github.com/go-logfmt/logfmt v0.3.0/go.mod h1:Qt1PoO58o5twSAckw1HlFXLmHsOX5/0LbT9GBnD5lWE=
github.com/go-openapi/jsonpointer v0.17.0/go.mod h1:cOnomiV+CVVwFLk0A/MExoFMjwdsUdVpsRhURCKh+3M=
github.com/go-openapi/jsonpointer v0.19.0 h1:FTUMcX77w5rQkClIzDtTxvn6Bsa894CcrzNj2MMfeg8=
github.com/go-openapi/jsonpointer v0.19.0/go.mod h1:cOnomiV+CVVwFLk0A/MExoFMjwdsUdVpsRhURCKh+3M=
github.com/go-openapi/jsonreference v0.17.0/go.mod h1:g4xxGn04lDIRh0GJb5QlpE3HfopLOL6uZrK/VgnsK9I=
github.com/go-openapi/jsonreference v0.19.0 h1:BqWKpV1dFd+AuiKlgtddwVIFQsuMpxfBDBHGfM2yNpk=
github.com/go-openapi/jsonreference v0.19.0/go.mod h1:g4xxGn04lDIRh0GJb5QlpE3HfopLOL6uZrK/VgnsK9I=
github.com/go-openapi/spec v0.17.2 h1:eb2NbuCnoe8cWAxhtK6CfMWUYmiFEZJ9Hx3Z2WRwJ5M=
github.com/go-openapi/spec v0.17.2/go.mod h1:XkF/MOi14NmjsfZ8VtAKf8pIlbZzyoTvZsdfssdxcBI=
github.com/go-openapi/swag v0.17.0/go.mod h1:AByQ+nYG6gQg71GINrmuDXCPWdL640yX49/kXLo40Tg=
github.com/go-openapi/swag v0.17.2 h1:K/ycE/XTUDFltNHSO32cGRUhrVGJD64o8WgAIZNyc3k=
github.com/go-openapi/swag v0.17.2/go.mod h1:AByQ+nYG6gQg71GINrmuDXCPWdL640yX49/kXLo40Tg=
github.com/go-stack/stack v1.8.0/go.mod h1:v0f6uXyyMGvRgIKkXu+yp6POWl0qKG85gN/melR3HDY=
github.com/gogo/protobuf v1.1.1 h1:72R+M5VuhED/KujmZVcIquuo8mBgX4oVda//DQb3PXo=
github.com/gogo/protobuf v1.1.1/go.mod h1:r8qH/GZQm5c6nD/R0oafs1akxWv10x8SbQlK7atdtwQ=
github.com/gogo/protobuf v1.2.1 h1:/s5zKNz0uPFCZ5hddgPdo2TK2TVrUNMn0OOX8/aZMTE=
github.com/gogo/protobuf v1.2.1/go.mod h1:hp+jE20tsWTFYpLwKvXlhS1hjn+gTNwPg2I6zVXpSg4=
github.com/golang/groupcache v0.0.0-20160516000752-02826c3e7903 h1:LbsanbbD6LieFkXbj9YNNBupiGHJgFeLpO0j0Fza1h8=
github.com/golang/groupcache v0.0.0-20160516000752-02826c3e7903/go.mod h1:cIg4eruTrX1D+g88fzRXU5OdNfaM+9IcxsU14FzY7Hc=
github.com/golang/mock v1.1.1/go.mod h1:oTYuIxOrZwtPieC+H1uAHpcLFnEyAGVDL/k47Jfbm0A=
github.com/golang/protobuf v1.2.0 h1:P3YflyNX/ehuJFLhxviNdFxQPkGK5cDcApsge1SqnvM=
github.com/golang/protobuf v1.2.0/go.mod h1:6lQm79b+lXiMfvg/cZm0SGofjICqVBUtrP5yJMmIC1U=
github.com/golang/protobuf v1.3.2 h1:6nsPYzhq5kReh6QImI3k5qWzO4PEbvbIW2cwSfR/6xs=
github.com/golang/protobuf v1.3.2/go.mod h1:6lQm79b+lXiMfvg/cZm0SGofjICqVBUtrP5yJMmIC1U=
github.com/golangplus/bytes v0.0.0-20160111154220-45c989fe5450 h1:7xqw01UYS+KCI25bMrPxwNYkSns2Db1ziQPpVq99FpE=
github.com/golangplus/bytes v0.0.0-20160111154220-45c989fe5450/go.mod h1:Bk6SMAONeMXrxql8uvOKuAZSu8aM5RUGv+1C6IJaEho=
github.com/golangplus/fmt v0.0.0-20150411045040-2a5d6d7d2995 h1:f5gsjBiF9tRRVomCvrkGMMWI8W1f2OBFar2c5oakAP0=
github.com/golangplus/fmt v0.0.0-20150411045040-2a5d6d7d2995/go.mod h1:lJgMEyOkYFkPcDKwRXegd+iM6E7matEszMG5HhwytU8=
github.com/golangplus/testing v0.0.0-20180327235837-af21d9c3145e h1:KhcknUwkWHKZPbFy2P7jH5LKJ3La+0ZeknkkmrSgqb0=
github.com/golangplus/testing v0.0.0-20180327235837-af21d9c3145e/go.mod h1:0AA//k/eakGydO4jKRoRL2j92ZKSzTgj9tclaCrvXHk=
github.com/gonum/blas v0.0.0-20170728112917-37e82626499e h1:VScL7slL7Uf+8QD9dB4p4/JyE028bsbeEbW1pCXHiK8=
github.com/gonum/blas v0.0.0-20170728112917-37e82626499e/go.mod h1:P32wAyui1PQ58Oce/KYkOqQv8cVw1zAapXOl+dRFGbc=
github.com/gonum/diff v0.0.0-20181124234638-500114f11e71 h1:BE6g8oinc3Ek2elIHq+uDOiZgX3/ODi+EerJ48yrrKc=
github.com/gonum/diff v0.0.0-20181124234638-500114f11e71/go.mod h1:22dM4PLscQl+Nzf64qNBurVJvfyvZELT0iRW2l/NN70=
github.com/gonum/floats v0.0.0-20170731225635-f74b330d45c5 h1:wRG8jcxY66AupHUEBNyJKouGEW/zl+luX4Ds3PF0Szo=
github.com/gonum/floats v0.0.0-20170731225635-f74b330d45c5/go.mod h1:PxC8OnwL11+aosOB5+iEPoV3picfs8tUpkVd0pDo+Kg=
github.com/gonum/graph v0.0.0-20170401004347-50b27dea7ebb h1:NcVXNHJrvrcAv8SVYKzKT2zwtEXU1DK2J+azsK7oz2A=
github.com/gonum/graph v0.0.0-20170401004347-50b27dea7ebb/go.mod h1:ye018NnX1zrbOLqwBvs2HqyyTouQgnL8C+qzYk1snPY=
github.com/gonum/integrate v0.0.0-20181209220457-a422b5c0fdf2 h1:GUSkTcIe1SlregbHNUKbYDhBsS8lNgYfIp4S4cToUyU=
github.com/gonum/integrate v0.0.0-20181209220457-a422b5c0fdf2/go.mod h1:pDgmNM6seYpwvPos3q+zxlXMsbve6mOIPucUnUOrI7Y=
github.com/gonum/internal v0.0.0-20170731230106-e57e4534cf9b h1:22XFP/9g8YrIdEAiRJu1foyAPwqqLAoRoZ1/bNOO5eI=
github.com/gonum/internal v0.0.0-20170731230106-e57e4534cf9b/go.mod h1:Pu4dmpkhSyOzRwuXkOgAvijx4o+4YMUJJo9OvPYMkks=
github.com/gonum/lapack v0.0.0-20170731225844-5ed4b826becd h1:jYB/6p/aWBbj5nN68CWOOtwmBNoeNoOG6D53J7mUQws=
github.com/gonum/lapack v0.0.0-20170731225844-5ed4b826becd/go.mod h1:XA3DeT6rxh2EAE789SSiSJNqxPaC0aE9J8NTOI0Jo/A=
github.com/gonum/mathext v0.0.0-20181121095525-8a4bf007ea55 h1:Ajwn2ENgC/pKtVat0LEHEWNa4a4VGyYJ1feGSccOzFU=
github.com/gonum/mathext v0.0.0-20181121095525-8a4bf007ea55/go.mod h1:fmo8aiSEWkJeiGXUJf+sPvuDgEFgqIoZSs843ePKrGg=
github.com/gonum/matrix v0.0.0-20170731230223-dd6034299e42 h1:DbS2BJwNNuDvGrYQ09AQEu63wXBisNZ5vgSF+FJBruU=
github.com/gonum/matrix v0.0.0-20170731230223-dd6034299e42/go.mod h1:0EXg4mc1CNP0HCqCz+K4ts155PXIlUywf0wqN+GfPZw=
github.com/gonum/stat v0.0.0-20181125101827-41a0da705a5b h1:fbskpz/cPqWH8VqkQ7LJghFkl2KPAiIFUHrTJ2O3RGk=
github.com/gonum/stat v0.0.0-20181125101827-41a0da705a5b/go.mod h1:Z4GIJBJO3Wa4gD4vbwQxXXZ+WHmW6E9ixmNrwvs0iZs=
github.com/google/btree v0.0.0-20190910154209-be84af90a1f7 h1:7Wg9Zm+d1TJ13dt/C4O8QUteajFxrNeOlp/kigyjpc0=
github.com/google/btree v0.0.0-20190910154209-be84af90a1f7/go.mod h1:xXMiIv4Fb/0kKde4SpL7qlzvu5cMJDRkFDxJfI9uaxA=
github.com/google/go-cmp v0.2.0 h1:+dTQ8DZQJz0Mb/HjFlkptS1FeQ4cWSnN941F8aEG4SQ=
github.com/google/go-cmp v0.2.0/go.mod h1:oXzfMopK8JAjlY9xF4vHSVASa0yLyX7SntLO5aqRK0M=
github.com/google/gofuzz v0.0.0-20170612174753-24818f796faf h1:+RRA9JqSOZFfKrOeqr2z77+8R2RKyh8PG66dcu1V0ck=
github.com/google/gofuzz v0.0.0-20170612174753-24818f796faf/go.mod h1:HP5RmnzzSNb993RKQDq4+1A4ia9nllfqcQFTQJedwGI=
github.com/googleapis/gnostic v0.0.0-20170729233727-0c5108395e2d h1:7XGaL1e6bYS1yIonGp9761ExpPPV1ui0SAC59Yube9k=
github.com/googleapis/gnostic v0.0.0-20170729233727-0c5108395e2d/go.mod h1:sJBsCZ4ayReDTBIg8b9dl28c5xFWyhBTVRp3pOg5EKY=
github.com/gorilla/mux v0.0.0-20190830121156-884b5ffcbd3a h1:SRkySTGYvtyRKOg4ACc4EMPMHzQOmiBuTgkVcFUHjSQ=
github.com/gorilla/mux v0.0.0-20190830121156-884b5ffcbd3a/go.mod h1:DVbg23sWSpFRCP0SfiEN6jmj59UnW/n46BH5rLB71So=
github.com/gorilla/websocket v1.4.1 h1:q7AeDBpnBk8AogcD4DSag/Ukw/KV+YhzLj2bP5HvKCM=
github.com/gorilla/websocket v1.4.1/go.mod h1:YR8l580nyteQvAITg2hZ9XVh4b55+EU/adAjf1fMHhE=
github.com/gotestyourself/gotestyourself v2.2.0+incompatible h1:AQwinXlbQR2HvPjQZOmDhRqsv5mZf+Jb1RnSLxcqZcI=
github.com/gotestyourself/gotestyourself v2.2.0+incompatible/go.mod h1:zZKM6oeNM8k+FRljX1mnzVYeS8wiGgQyvST1/GafPbY=
github.com/gregjones/httpcache v0.0.0-20170728041850-787624de3eb7 h1:6TSoaYExHper8PYsJu23GWVNOyYRCSnIFyxKgLSZ54w=
github.com/gregjones/httpcache v0.0.0-20170728041850-787624de3eb7/go.mod h1:FecbI9+v66THATjSRHfNgh1IVFe/9kFxbXtjV0ctIMA=
github.com/grpc-ecosystem/go-grpc-middleware v1.1.0 h1:THDBEeQ9xZ8JEaCLyLQqXMMdRqNr0QAUJTIkQAUtFjg=
github.com/grpc-ecosystem/go-grpc-middleware v1.1.0/go.mod h1:f5nM7jw/oeRSadq3xCzHAvxcr8HZnzsqU6ILg/0NiiE=
github.com/grpc-ecosystem/go-grpc-prometheus v1.2.0 h1:Ovs26xHkKqVztRpIrF/92BcuyuQ/YW4NSIpoGtfXNho=
github.com/grpc-ecosystem/go-grpc-prometheus v1.2.0/go.mod h1:8NvIoxWQoOIhqOTXgfV/d3M/q6VIi02HzZEHgUlZvzk=
github.com/grpc-ecosystem/grpc-gateway v1.3.0 h1:HJtP6RRwj2EpPCD/mhAWzSvLL/dFTdPm1UrWwanoFos=
github.com/grpc-ecosystem/grpc-gateway v1.3.0/go.mod h1:RSKVYQBd5MCa4OVpNdGskqpgL2+G+NZTnrVHpWWfpdw=
github.com/hashicorp/golang-lru v0.5.0 h1:CL2msUPvZTLb5O648aiLNJw3hnBxN2+1Jq8rCOH9wdo=
github.com/hashicorp/golang-lru v0.5.0/go.mod h1:/m3WP610KZHVQ1SGc6re/UDhFvYD7pJ4Ao+sR/qLZy8=
github.com/hpcloud/tail v1.0.0/go.mod h1:ab1qPbhIpdTxEkNHXyeSf5vhxWSCs/tWer42PpOxQnU=
github.com/imdario/mergo v0.3.5 h1:JboBksRwiiAJWvIYJVo46AfV+IAIKZpfrSzVKj42R4Q=
github.com/imdario/mergo v0.3.5/go.mod h1:2EnlNZ0deacrJVfApfmtdGgDfMuh/nq6Ok1EcJh5FfA=
github.com/inconshreveable/mousetrap v1.0.0 h1:Z8tu5sraLXCXIcARxBp/8cbvlwVa7Z1NHg9XEKhtSvM=
github.com/inconshreveable/mousetrap v1.0.0/go.mod h1:PxqpIevigyE2G7u3NXJIT2ANytuPF1OarO4DADm73n8=
github.com/jmespath/go-jmespath v0.0.0-20180206201540-c2b33e8439af h1:pmfjZENx5imkbgOkpRUYLnmbU7UEFbjtDA2hxJ1ichM=
github.com/jmespath/go-jmespath v0.0.0-20180206201540-c2b33e8439af/go.mod h1:Nht3zPeWKUH0NzdCt2Blrr5ys8VGpn0CEB0cQHVjt7k=
github.com/joho/godotenv v0.0.0-20171110010315-6d367c18edf6 h1:snsiYg5a7mZVC/uvtuaneo3RTy3S9QKXK9zx+QeMnVE=
github.com/joho/godotenv v0.0.0-20171110010315-6d367c18edf6/go.mod h1:7hK45KPybAkOC6peb+G5yklZfMxEjkZhHbwpqxOKXbg=
github.com/jonboulle/clockwork v0.0.0-20141017032234-72f9bd7c4e0c h1:XpRROA6ssPlTwJI8/pH+61uieOkcJhmAFz25cu0B94Y=
github.com/jonboulle/clockwork v0.0.0-20141017032234-72f9bd7c4e0c/go.mod h1:Ii8DK3G1RaLaWxj9trq07+26W01tbo22gdxWY5EU2bo=
github.com/json-iterator/go v0.0.0-20180701071628-ab8a2e0c74be h1:AHimNtVIpiBjPUhEF5KNCkrUyqTSA5zWUl8sQ2bfGBE=
github.com/json-iterator/go v0.0.0-20180701071628-ab8a2e0c74be/go.mod h1:+SdeFBvtyEkXs7REEP0seUULqWtbJapLOCVDaaPEHmU=
github.com/julienschmidt/httprouter v1.2.0/go.mod h1:SYymIcj16QtmaHHD7aYtjjsJG7VTCxuUUipMqKk8s4w=
github.com/kisielk/errcheck v1.1.0/go.mod h1:EZBBE59ingxPouuu3KfxchcWSUPOHkagtvWXihfKN4Q=
github.com/kisielk/gotool v1.0.0/go.mod h1:XhKaO+MFFWcvkIS/tQcRk01m1F5IRFswLeQ+oQHNcck=
github.com/klauspost/compress v1.7.2/go.mod h1:RyIbtBH6LamlWaDj8nUwkbUhJ87Yi3uG0guNDohfE1A=
github.com/klauspost/cpuid v1.2.1/go.mod h1:Pj4uuM528wm8OyEC2QMXAi2YiTZ96dNQPGgoMS4s3ek=
github.com/klauspost/pgzip v1.2.1/go.mod h1:Ch1tH69qFZu15pkjo5kYi6mth2Zzwzt50oCQKQE9RUs=
github.com/konsorten/go-windows-terminal-sequences v1.0.1 h1:mweAR1A6xJ3oS2pRaGiHgQ4OO8tzTaLawm8vnODuwDk=
github.com/konsorten/go-windows-terminal-sequences v1.0.1/go.mod h1:T0+1ngSBFLxvqU3pZ+m/2kptfBszLMUkC4ZK/EgS/cQ=
github.com/kr/logfmt v0.0.0-20140226030751-b84e30acd515/go.mod h1:+0opPa2QZZtGFBFZlji/RkVcI2GknAs/DXo4wKdlNEc=
github.com/liggitt/tabwriter v0.0.0-20181228230101-89fcab3d43de h1:9TO3cAIGXtEhnIaL+V+BEER86oLrvS+kWobKpbJuye0=
github.com/liggitt/tabwriter v0.0.0-20181228230101-89fcab3d43de/go.mod h1:zAbeS9B/r2mtpb6U+EI2rYA5OAXxsYw6wTamcNW+zcE=
github.com/lithammer/dedent v1.1.0 h1:VNzHMVCBNG1j0fh3OrsFRkVUwStdDArbgBWoPAffktY=
github.com/lithammer/dedent v1.1.0/go.mod h1:jrXYCQtgg0nJiN+StA2KgR7w6CiQNv9Fd/Z9BP0jIOc=
github.com/mailru/easyjson v0.0.0-20180823135443-60711f1a8329 h1:2gxZ0XQIU/5z3Z3bUBu+FXuk2pFbkN6tcwi/pjyaDic=
github.com/mailru/easyjson v0.0.0-20180823135443-60711f1a8329/go.mod h1:C1wdFJiN94OJF2b5HbByQZoLdCWB1Yqtg26g4irojpc=
github.com/mattn/go-shellwords v1.0.5/go.mod h1:3xCvwCdWdlDJUrvuMn7Wuy9eWs4pE8vqg+NOMyg4B2o=
github.com/matttproud/golang_protobuf_extensions v1.0.1 h1:4hp9jkHxhMHkqkrB3Ix0jegS5sx/RkqARlsWZ6pIwiU=
github.com/matttproud/golang_protobuf_extensions v1.0.1/go.mod h1:D8He9yQNgCq6Z5Ld7szi9bcBfOoFv/3dc6xSMkL2PC0=
github.com/mistifyio/go-zfs v2.1.1+incompatible/go.mod h1:8AuVvqP/mXw1px98n46wfvcGfQ4ci2FwoAjKYxuo3Z4=
github.com/mitchellh/go-wordwrap v0.0.0-20150314170334-ad45545899c7 h1:DpOJ2HYzCv8LZP15IdmG+YdwD2luVPHITV96TkirNBM=
github.com/mitchellh/go-wordwrap v0.0.0-20150314170334-ad45545899c7/go.mod h1:ZXFpozHsX6DPmq2I0TCekCxypsnAUbP2oI0UX1GXzOo=
github.com/moby/buildkit v0.0.0-20181107081847-c3a857e3fca0 h1:joQDaV5PuRYXudQ+eA9/mG3mOJZnuTqdcv6PCcRZ8YQ=
github.com/moby/buildkit v0.0.0-20181107081847-c3a857e3fca0/go.mod h1:nnELdKPRkUAQR6pAB3mRU3+IlbqL3SSaAWqQL8k/K+4=
github.com/modern-go/concurrent v0.0.0-20180306012644-bacd9c7ef1dd h1:TRLaZ9cD/w8PVh93nsPXa1VrQ6jlwL5oN8l14QlcNfg=
github.com/modern-go/concurrent v0.0.0-20180306012644-bacd9c7ef1dd/go.mod h1:6dJC0mAP4ikYIbvyc7fijjWJddQyLn8Ig3JB5CqoB9Q=
github.com/modern-go/reflect2 v1.0.1 h1:9f412s+6RmYXLWZSEzVVgPGK7C2PphHj5RJrvfx9AWI=
github.com/modern-go/reflect2 v1.0.1/go.mod h1:bx2lNnkwVCuqBIxFjflWJWanXIb3RllmbCylyMrvgv0=
github.com/mtrmac/gpgme v0.0.0-20170102180018-b2432428689c h1:xa+eQWKuJ9MbB9FBL/eoNvDFvveAkz2LQoz8PzX7Q/4=
github.com/mtrmac/gpgme v0.0.0-20170102180018-b2432428689c/go.mod h1:GhAqVMEWnTcW2dxoD/SO3n2enrgWl3y6Dnx4m59GvcA=
github.com/mwitkow/go-conntrack v0.0.0-20161129095857-cc309e4a2223/go.mod h1:qRWi+5nqEBWmkhHvq77mSJWrCKwh8bxhgT7d/eI7P4U=
github.com/mxk/go-flowrate v0.0.0-20140419014527-cca7078d478f h1:y5//uYreIhSUg3J1GEMiLbxo1LJaP8RfCpH6pymGZus=
github.com/mxk/go-flowrate v0.0.0-20140419014527-cca7078d478f/go.mod h1:ZdcZmHo+o7JKHSa8/e818NopupXU1YMK5fe1lsApnBw=
github.com/onsi/gomega v0.0.0-20190113212917-5533ce8a0da3 h1:EooPXg51Tn+xmWPXJUGCnJhJSpeuMlBmfJVcqIRmmv8=
github.com/onsi/gomega v0.0.0-20190113212917-5533ce8a0da3/go.mod h1:ex+gbHU/CVuBBDIJjb2X0qEXbFg53c61hWP/1CpauHY=
github.com/opencontainers/go-digest v1.0.0-rc1 h1:WzifXhOVOEOuFYOJAW6aQqW0TooG2iki3E3Ii+WN7gQ=
github.com/opencontainers/go-digest v1.0.0-rc1/go.mod h1:cMLVZDEM3+U2I4VmLI6N8jQYUd2OVphdqWwCJHrFt2s=
github.com/opencontainers/image-spec v0.0.0-20170604055404-372ad780f634 h1:BNgUWy7fCNMkfpyG05/9wWeDnIY4hqs9UpqkGIjAb68=
github.com/opencontainers/image-spec v0.0.0-20170604055404-372ad780f634/go.mod h1:BtxoFyWECRxE4U/7sNtV5W15zMzWCbyJoFRP3s7yZA0=
github.com/opencontainers/runc v1.0.0-rc8 h1:dDCFes8Hj1r/i5qnypONo5jdOme/8HWZC/aNDyhECt0=
github.com/opencontainers/runc v1.0.0-rc8/go.mod h1:qT5XzbpPznkRYVz/mWwUaVBUv2rmF59PVA73FjuZG0U=
github.com/opencontainers/selinux v1.2.2/go.mod h1:+BLncwf63G4dgOzykXAxcmnFlUaOlkDdmw/CqsW6pjs=
github.com/openshift/api v0.0.0-20190916204813-cdbe64fb0c91 h1:QHV62/tuyMV99rvPZbRfvuG3h0F4Eqz4FeJYugOtNW8=
github.com/openshift/api v0.0.0-20190916204813-cdbe64fb0c91/go.mod h1:dh9o4Fs58gpFXGSYfnVxGR9PnV53I8TW84pQaJDdGiY=
github.com/openshift/client-go v0.0.0-20190813201236-5a5508328169 h1:rQZe9w0+xEmsJ7sqWrDLji/9vuMqjamMrhwVkKVGIqc=
github.com/openshift/client-go v0.0.0-20190813201236-5a5508328169/go.mod h1:6rzn+JTr7+WYS2E1TExP4gByoABxMznR6y2SnUIkmxk=
github.com/openshift/containers-image v0.0.0-20190130162827-4bc6d24282b1 h1:4cBSRdeuBFOPA7awerBnVFHqyr9uGg5o2+Z2c1dL1e8=
github.com/openshift/containers-image v0.0.0-20190130162827-4bc6d24282b1/go.mod h1:F4FteimXBqbZJMNXeZIApxcIFL7pCMhMNDnSOYS5l0Q=
github.com/openshift/docker-distribution v0.0.0-20180925154709-d4c35485a70d h1:tupVADlF1SZrGy0Y0kg1FKUi2mVPzRwxVb+8LLMu8ws=
github.com/openshift/docker-distribution v0.0.0-20180925154709-d4c35485a70d/go.mod h1:XmfFzbwryblvZ29NebonirM7RBuNEO7+yVCOapaouAk=
github.com/openshift/golang-glog v0.0.0-20190322123450-3c92600d7533 h1:A5VovyRu3JFIPmC20HHrsOOny0PIdHuzDdNMULru48k=
github.com/openshift/golang-glog v0.0.0-20190322123450-3c92600d7533/go.mod h1:3sa6LKKRDnR1xy4Kn8htvPwqIOVwXh8fIU3LRY22q3U=
github.com/openshift/gssapi v0.0.0-20161010215902-5fb4217df13b h1:it0YPE/evO6/m8t8wxis9KFI2F/aleOKsI6d9uz0cEk=
github.com/openshift/gssapi v0.0.0-20161010215902-5fb4217df13b/go.mod h1:tNrEB5k8SI+g5kOlsCmL2ELASfpqEofI0+FLBgBdN08=
github.com/openshift/kubernetes v1.14.1-0.20190913135551-4547c3bba844 h1:P439z4KsZZhfOGI4j8sDQx+s4HzJHfeRu/T+zwrkn/E=
github.com/openshift/kubernetes v1.14.1-0.20190913135551-4547c3bba844/go.mod h1:g3dXQ/hj/fSf9sNJphriknsGh2IwITiJx97SCcRUUS8=
github.com/openshift/kubernetes-apimachinery v0.0.0-20190826115723-26f88640163e h1:rXPc/2H/FG86OWHiPNYO+Bv0nDZf49Kx4JvYNqMSZpY=
github.com/openshift/kubernetes-apimachinery v0.0.0-20190826115723-26f88640163e/go.mod h1:IYyHCk3hR28jxyocYiDa94BkIGIT61IikeZr9gg/b0Y=
github.com/openshift/kubernetes-cli-runtime v0.0.0-20190829103649-200dde6b923a h1:nsxfRRcBLIZHcs1l9Lha3uqV035IyJUtqdxcgH1POu0=
github.com/openshift/kubernetes-cli-runtime v0.0.0-20190829103649-200dde6b923a/go.mod h1:CHKHk0aKtEyaFDYN6/wwsg9urJM1N/RAz7CHOLGRWkk=
github.com/openshift/kubernetes-client-go v11.0.1-0.20190723174301-07e29e5eae48+incompatible h1:VCCPWXl/KxpZlDY3FMf6+rMVeRE6s/RUE3wseO/fo1A=
github.com/openshift/kubernetes-client-go v11.0.1-0.20190723174301-07e29e5eae48+incompatible/go.mod h1:FD6cp60IUiYnIZCmXQkBOZ+oYSjRaFDFvQEipo9BXTw=
github.com/openshift/library-go v0.0.0-20190918130704-afb7c1698137 h1:uc0ixmmtXFhy6fEpMgHQjwDHXa9wZK3ZqA8Hln33Fe4=
github.com/openshift/library-go v0.0.0-20190918130704-afb7c1698137/go.mod h1:NBttNjZpWwup/nthuLbPAPSYC8Qyo+BBK5bCtFoyYjo=
github.com/openshift/onsi-ginkgo v1.2.1-0.20190125161613-53ca7dc85f60 h1:46MgjsyEHOqDlDCP0MD/pfnpRHCoIMybwJ5HWITY2SE=
github.com/openshift/onsi-ginkgo v1.2.1-0.20190125161613-53ca7dc85f60/go.mod h1:azqkkH4Vpp9A579CC26hicol/wViXag9rOwElif6v9E=
github.com/openshift/source-to-image v0.0.0-20190716154012-2a579ecd66df h1:0+rXcmKNjj77JrC7eS0V8+nPcBI8oMyYmDcMracNOwA=
github.com/openshift/source-to-image v0.0.0-20190716154012-2a579ecd66df/go.mod h1:LR3Zbcy5zfRjqLEftlfYqxirrDYkhrR9VLo+hs76/PI=
github.com/opentracing/opentracing-go v1.1.0/go.mod h1:UkNAQd3GIcIGf0SeVgPpRdFStlNbqXla1AfSYxPUl2o=
github.com/ostreedev/ostree-go v0.0.0-20190702140239-759a8c1ac913/go.mod h1:J6OG6YJVEWopen4avK3VNQSnALmmjvniMmni/YFYAwc=
github.com/pborman/uuid v0.0.0-20150603214016-ca53cad383ca h1:dKRMHfduZ/ZqOHuYGk/0kkTIUbnyorkAfzLOp6Ts8pU=
github.com/pborman/uuid v0.0.0-20150603214016-ca53cad383ca/go.mod h1:VyrYX9gd7irzKovcSS6BIIEwPRkP2Wm2m9ufcdFSJ34=
github.com/peterbourgon/diskv v2.0.1+incompatible h1:UBdAOUP5p4RWqPBg048CAvpKN+vxiaj6gdUUzhl4XmI=
github.com/peterbourgon/diskv v2.0.1+incompatible/go.mod h1:uqqh8zWWbv1HBMNONnaR/tNboyR3/BZd58JJSHlUSCU=
github.com/pkg/errors v0.8.0/go.mod h1:bwawxfHBFNV+L2hUp1rHADufV3IMtnDRdf1r5NINEl0=
github.com/pkg/errors v0.8.1 h1:iURUrRGxPUNPdy5/HRSm+Yj6okJ6UtLINN0Q9M4+h3I=
github.com/pkg/errors v0.8.1/go.mod h1:bwawxfHBFNV+L2hUp1rHADufV3IMtnDRdf1r5NINEl0=
github.com/pkg/profile v1.3.0 h1:OQIvuDgm00gWVWGTf4m4mCt6W1/0YqU7Ntg0mySWgaI=
github.com/pkg/profile v1.3.0/go.mod h1:hJw3o1OdXxsrSjjVksARp5W95eeEaEfptyVZyv6JUPA=
github.com/pmezard/go-difflib v1.0.0 h1:4DBwDE0NGyQoBHbLQYPwSUPoCMWR5BEzIk/f1lZbAQM=
github.com/pmezard/go-difflib v1.0.0/go.mod h1:iKH77koFhYxTK1pcRnkKkqfTogsbg7gZNVY4sRDYZ/4=
github.com/pquerna/ffjson v0.0.0-20181028064349-e517b90714f7/go.mod h1:YARuvh7BUWHNhzDq2OM5tzR2RiCcN2D7sapiKyCel/M=
github.com/prometheus/client_golang v0.9.2 h1:awm861/B8OKDd2I/6o1dy3ra4BamzKhYOiGItCeZ740=
github.com/prometheus/client_golang v0.9.2/go.mod h1:OsXs2jCmiKlQ1lTBmv21f2mNfw4xf/QclQDMrYNZzcM=
github.com/prometheus/client_model v0.0.0-20180712105110-5c3871d89910 h1:idejC8f05m9MGOsuEi1ATq9shN03HrxNkD/luQvxCv8=
github.com/prometheus/client_model v0.0.0-20180712105110-5c3871d89910/go.mod h1:MbSGuTsp3dbXC40dX6PRTWyKYBIrTGTE9sqQNg2J8bo=
github.com/prometheus/common v0.0.0-20181126121408-4724e9255275/go.mod h1:daVV7qP5qjZbuso7PdcryaAu0sAZbrN9i7WWcTMWvro=
github.com/prometheus/common v0.2.0 h1:kUZDBDTdBVBYBj5Tmh2NZLlF60mfjA27rM34b+cVwNU=
github.com/prometheus/common v0.2.0/go.mod h1:TNfzLD0ON7rHzMJeJkieUDPYmFC7Snx/y86RQel1bk4=
github.com/prometheus/procfs v0.0.0-20181005140218-185b4288413d/go.mod h1:c3At6R/oaqEKCNdg8wHV1ftS6bRYblBhIjjI8uT2IGk=
github.com/prometheus/procfs v0.0.0-20181204211112-1dc9a6cbc91a h1:9a8MnZMP0X2nLJdBg+pBmGgkJlSaKC2KaQmTCk1XDtE=
github.com/prometheus/procfs v0.0.0-20181204211112-1dc9a6cbc91a/go.mod h1:c3At6R/oaqEKCNdg8wHV1ftS6bRYblBhIjjI8uT2IGk=
github.com/rogpeppe/go-charset v0.0.0-20180617210344-2471d30d28b4/go.mod h1:qgYeAmZ5ZIpBWTGllZSQnw97Dj+woV0toclVaRGI8pc=
github.com/russross/blackfriday v0.0.0-20151117072312-300106c228d5 h1:+6eORf9Bt4C3Wjt91epyu6wvLW+P6+AEODb6uKgO+4g=
github.com/russross/blackfriday v0.0.0-20151117072312-300106c228d5/go.mod h1:JO/DiYxRf+HjHt06OyowR9PTA263kcR/rfWxYHBV53g=
github.com/shurcooL/sanitized_anchor_name v0.0.0-20151028001915-10ef21a441db h1:lrOUn8raSZS/V52c7elGaEyuogqSkEo/Qj2Auo2G1ik=
github.com/shurcooL/sanitized_anchor_name v0.0.0-20151028001915-10ef21a441db/go.mod h1:1NzhyTcUVG4SuEtjjoZeVRXNmyL/1OwPU0+IJeTBvfc=
github.com/sirupsen/logrus v1.2.0/go.mod h1:LxeOpSwHxABJmUn/MG1IvRgCAasNZTLOkJPxbbu5VWo=
github.com/sirupsen/logrus v1.4.2 h1:SPIRibHv4MatM3XXNO2BJeFLZwZ2LvZgfQ5+UNI2im4=
github.com/sirupsen/logrus v1.4.2/go.mod h1:tLMulIdttU9McNUspp0xgXVQah82FyeX6MwdIuYE2rE=
github.com/soheilhy/cmux v0.1.4 h1:0HKaf1o97UwFjHH9o5XsHUOF+tqmdA7KEzXLpiyaw0E=
github.com/soheilhy/cmux v0.1.4/go.mod h1:IM3LyeVVIOuxMH7sFAkER9+bJ4dT7Ms6E4xg4kGIyLM=
github.com/spf13/afero v1.2.2 h1:5jhuqJyZCZf2JRofRvN/nIFgIWNzPa3/Vz8mYylgbWc=
github.com/spf13/afero v1.2.2/go.mod h1:9ZxEEn6pIJ8Rxe320qSDBk6AsU0r9pR7Q4OcevTdifk=
github.com/spf13/cobra v0.0.0-20180319062004-c439c4fa0937 h1:+ryWjMVzFAkEz5zT+Ms49aROZwxlJce3x3zLTFpkz3Y=
github.com/spf13/cobra v0.0.0-20180319062004-c439c4fa0937/go.mod h1:1l0Ry5zgKvJasoi3XT1TypsSe7PqH0Sj9dhYf7v3XqQ=
github.com/spf13/pflag v1.0.3 h1:zPAT6CGy6wXeQ7NtTnaTerfKOsV6V6F8agHXFiazDkg=
github.com/spf13/pflag v1.0.3/go.mod h1:DYY7MBk1bdzusC3SYhjObp+wFpr4gzcvqqNjLnInEg4=
github.com/stretchr/objx v0.1.0/go.mod h1:HFkY916IF+rwdDfMAkV7OtwuqBVzrE8GR6GFx+wExME=
github.com/stretchr/objx v0.1.1/go.mod h1:HFkY916IF+rwdDfMAkV7OtwuqBVzrE8GR6GFx+wExME=
github.com/stretchr/testify v1.2.2/go.mod h1:a8OnRcib4nhh0OaRAV+Yts87kKdq0PP7pXfy6kDkUVs=
github.com/stretchr/testify v1.3.0 h1:TivCn/peBQ7UY8ooIcPgZFpTNSz0Q2U6UrFlUfqbe0Q=
github.com/stretchr/testify v1.3.0/go.mod h1:M5WIy9Dh21IEIfnGCwXGc5bZfKNJtfHm1UVUgZn+9EI=
github.com/stretchr/testify v1.4.0 h1:2E4SXV/wtOkTonXsotYi4li6zVWxYlZuYNCXe9XRJyk=
github.com/stretchr/testify v1.4.0/go.mod h1:j7eGeouHqKxXV5pUuKE4zz7dFj8WfuZ+81PSLYec5m4=
github.com/syndtr/gocapability v0.0.0-20180916011248-d98352740cb2/go.mod h1:hkRG7XYTFWNJGYcbNJQlaLq0fg1yr4J4t/NcTQtrfww=
github.com/tchap/go-patricia v2.3.0+incompatible/go.mod h1:bmLyhP68RS6kStMGxByiQ23RP/odRBOTVjwp2cDyi6I=
github.com/tmc/grpc-websocket-proxy v0.0.0-20190109142713-0ad062ec5ee5 h1:LnC5Kc/wtumK+WB441p7ynQJzVuNRJiqddSIE3IlSEQ=
github.com/tmc/grpc-websocket-proxy v0.0.0-20190109142713-0ad062ec5ee5/go.mod h1:ncp9v5uamzpCO7NfCPTXjqaC+bZgJeR0sMTm6dMHP7U=
github.com/ugorji/go v1.1.7 h1:/68gy2h+1mWMrwZFeD1kQialdSzAb432dtpeJ42ovdo=
github.com/ugorji/go v1.1.7/go.mod h1:kZn38zHttfInRq0xu/PH0az30d+z6vm202qpg1oXVMw=
github.com/ugorji/go/codec v1.1.7 h1:2SvQaVZ1ouYrrKKwoSk2pzd4A9evlKJb9oTL+OaLUSs=
github.com/ugorji/go/codec v1.1.7/go.mod h1:Ax+UKWsSmolVDwsd+7N3ZtXu+yMGCf907BLYF3GoBXY=
github.com/vbatts/tar-split v0.11.1/go.mod h1:LEuURwDEiWjRjwu46yU3KVGuUdVv/dcnpcEPSzR8z6g=
github.com/vishvananda/netlink v1.0.0 h1:bqNY2lgheFIu1meHUFSH3d7vG93AFyqg3oGbJCOJgSM=
github.com/vishvananda/netlink v1.0.0/go.mod h1:+SR5DhBJrl6ZM7CoCKvpw5BKroDKQ+PJqOg65H/2ktk=
github.com/vishvananda/netns v0.0.0-20190625233234-7109fa855b0f h1:nBX3nTcmxEtHSERBJaIo1Qa26VwRaopnZmfDQUXsF4I=
github.com/vishvananda/netns v0.0.0-20190625233234-7109fa855b0f/go.mod h1:ZjcWmFBXmLKZu9Nxj3WKYEafiSqer2rnvPr0en9UNpI=
github.com/xeipuuv/gojsonpointer v0.0.0-20190905194746-02993c407bfb h1:zGWFAtiMcyryUHoUjUJX0/lt1H2+i2Ka2n+D3DImSNo=
github.com/xeipuuv/gojsonpointer v0.0.0-20190905194746-02993c407bfb/go.mod h1:N2zxlSyiKSe5eX1tZViRH5QA0qijqEDrYZiPEAiq3wU=
github.com/xeipuuv/gojsonreference v0.0.0-20180127040603-bd5ef7bd5415 h1:EzJWgHovont7NscjpAxXsDA8S8BMYve8Y5+7cuRE7R0=
github.com/xeipuuv/gojsonreference v0.0.0-20180127040603-bd5ef7bd5415/go.mod h1:GwrjFmJcFw6At/Gs6z4yjiIwzuJ1/+UwLxMQDVQXShQ=
github.com/xeipuuv/gojsonschema v1.1.0 h1:ngVtJC9TY/lg0AA/1k48FYhBrhRoFlEmWzsehpNAaZg=
github.com/xeipuuv/gojsonschema v1.1.0/go.mod h1:5yf86TLmAcydyeJq5YvxkGPE2fm/u4myDekKRoLuqhs=
github.com/xiang90/probing v0.0.0-20190116061207-43a291ad63a2 h1:eY9dn8+vbi4tKz5Qo6v2eYzo7kUS51QINcR5jNpbZS8=
github.com/xiang90/probing v0.0.0-20190116061207-43a291ad63a2/go.mod h1:UETIi67q53MR2AWcXfiuqkDkRtnGDLqkBTpCHuJHxtU=
github.com/xlab/handysort v0.0.0-20150421192137-fb3537ed64a1 h1:j2hhcujLRHAg872RWAV5yaUrEjHEObwDv3aImCaNLek=
github.com/xlab/handysort v0.0.0-20150421192137-fb3537ed64a1/go.mod h1:QcJo0QPSfTONNIgpN5RA8prR7fF8nkF6cTWTcNerRO8=
go.uber.org/atomic v1.4.0 h1:cxzIVoETapQEqDhQu3QfnvXAV4AlzcvUCxkVUFw3+EU=
go.uber.org/atomic v1.4.0/go.mod h1:gD2HeocX3+yG+ygLZcrzQJaqmWj9AIm7n08wl/qW/PE=
go.uber.org/multierr v1.1.0 h1:HoEmRHQPVSqub6w2z2d2EOVs2fjyFRGyofhKuyDq0QI=
go.uber.org/multierr v1.1.0/go.mod h1:wR5kodmAFQ0UK8QlbwjlSNy0Z68gJhDJUG5sjR94q/0=
go.uber.org/zap v1.10.0 h1:ORx85nbTijNz8ljznvCMR1ZBIPKFn3jQrag10X2AsuM=
go.uber.org/zap v1.10.0/go.mod h1:vwi/ZaCAaUcBkycHslxD9B2zi4UTXhF60s6SWpuDF0Q=
golang.org/x/crypto v0.0.0-20180904163835-0709b304e793/go.mod h1:6SG95UA2DQfeDnfUPMdvaQW0Q7yPrPDi9nlGo2tz2b4=
golang.org/x/crypto v0.0.0-20190308221718-c2843e01d9a2 h1:VklqNMn3ovrHsnt90PveolxSbWFaJdECFbxSq0Mqo2M=
golang.org/x/crypto v0.0.0-20190308221718-c2843e01d9a2/go.mod h1:djNgcEr1/C05ACkg1iLfiJU5Ep61QUkGW8qpdssI0+w=
golang.org/x/exp v0.0.0-20190121172915-509febef88a4/go.mod h1:CJ0aWSM057203Lf6IL+f9T1iT9GByDxfZKAQTCR3kQA=
golang.org/x/lint v0.0.0-20181026193005-c67002cb31c3/go.mod h1:UVdnD1Gm6xHRNCYTkRU2/jEulfH38KcIWyp/GAMgvoE=
golang.org/x/lint v0.0.0-20190227174305-5b3e6a55c961/go.mod h1:wehouNa3lNwaWXcvxsM5YxQ5yQlVC4a0KAMCusXpPoU=
golang.org/x/net v0.0.0-20180724234803-3673e40ba225/go.mod h1:mL1N/T3taQHkDXs73rZJwtUhF3w3ftmwwsq0BUmARs4=
golang.org/x/net v0.0.0-20180826012351-8a410e7b638d/go.mod h1:mL1N/T3taQHkDXs73rZJwtUhF3w3ftmwwsq0BUmARs4=
golang.org/x/net v0.0.0-20180906233101-161cd47e91fd/go.mod h1:mL1N/T3taQHkDXs73rZJwtUhF3w3ftmwwsq0BUmARs4=
golang.org/x/net v0.0.0-20181005035420-146acd28ed58/go.mod h1:mL1N/T3taQHkDXs73rZJwtUhF3w3ftmwwsq0BUmARs4=
golang.org/x/net v0.0.0-20181114220301-adae6a3d119a/go.mod h1:mL1N/T3taQHkDXs73rZJwtUhF3w3ftmwwsq0BUmARs4=
golang.org/x/net v0.0.0-20181201002055-351d144fa1fc/go.mod h1:mL1N/T3taQHkDXs73rZJwtUhF3w3ftmwwsq0BUmARs4=
golang.org/x/net v0.0.0-20190213061140-3a22650c66bd/go.mod h1:mL1N/T3taQHkDXs73rZJwtUhF3w3ftmwwsq0BUmARs4=
golang.org/x/net v0.0.0-20190311183353-d8887717615a/go.mod h1:t9HGtf8HONx5eT2rtn7q6eTqICYqUVnKs3thJo3Qplg=
golang.org/x/net v0.0.0-20190628185345-da137c7871d7 h1:rTIdg5QFRR7XCaK4LCjBiPbx8j4DQRpdYMnGn/bJUEU=
golang.org/x/net v0.0.0-20190628185345-da137c7871d7/go.mod h1:z5CRVTTTmAJ677TzLLGU+0bjPO0LkuOLi4/5GtJWs/s=
golang.org/x/oauth2 v0.0.0-20180821212333-d2e6202438be h1:vEDujvNQGv4jgYKudGeI/+DAX4Jffq6hpD55MmoEvKs=
golang.org/x/oauth2 v0.0.0-20180821212333-d2e6202438be/go.mod h1:N/0e6XlmueqKjAGxoOufVs8QHGRruUQn6yWY3a++T0U=
golang.org/x/sync v0.0.0-20180314180146-1d60e4601c6f/go.mod h1:RxMgew5VJxzue5/jJTE5uejpjVlOe/izrB70Jof72aM=
golang.org/x/sync v0.0.0-20181108010431-42b317875d0f h1:Bl/8QSvNqXvPGPGXa2z5xUTmV7VDcZyvRZ+QQXkXTZQ=
golang.org/x/sync v0.0.0-20181108010431-42b317875d0f/go.mod h1:RxMgew5VJxzue5/jJTE5uejpjVlOe/izrB70Jof72aM=
golang.org/x/sys v0.0.0-20180830151530-49385e6e1522/go.mod h1:STP8DvDyc/dI5b8T5hshtkjS+E42TnysNCUPdjciGhY=
golang.org/x/sys v0.0.0-20180905080454-ebe1bf3edb33/go.mod h1:STP8DvDyc/dI5b8T5hshtkjS+E42TnysNCUPdjciGhY=
golang.org/x/sys v0.0.0-20180909124046-d0be0721c37e/go.mod h1:STP8DvDyc/dI5b8T5hshtkjS+E42TnysNCUPdjciGhY=
golang.org/x/sys v0.0.0-20181116152217-5ac8a444bdc5/go.mod h1:STP8DvDyc/dI5b8T5hshtkjS+E42TnysNCUPdjciGhY=
golang.org/x/sys v0.0.0-20190215142949-d0b11bdaac8a/go.mod h1:STP8DvDyc/dI5b8T5hshtkjS+E42TnysNCUPdjciGhY=
golang.org/x/sys v0.0.0-20190422165155-953cdadca894/go.mod h1:h1NjWce9XRLGQEsW7wpKNCjG9DtNlClVuFLEZdDNbEs=
golang.org/x/sys v0.0.0-20190626221950-04f50cda93cb h1:fgwFCsaw9buMuxNd6+DQfAuSFqbNiQZpcgJQAgJsK6k=
golang.org/x/sys v0.0.0-20190626221950-04f50cda93cb/go.mod h1:h1NjWce9XRLGQEsW7wpKNCjG9DtNlClVuFLEZdDNbEs=
golang.org/x/text v0.3.0 h1:g61tztE5qeGQ89tm6NTjjM9VPIm088od1l6aSorWRWg=
golang.org/x/text v0.3.0/go.mod h1:NqM8EUOU14njkJ3fqMW+pc6Ldnwhi/IjpwHt7yyuwOQ=
golang.org/x/time v0.0.0-20161028155119-f51c12702a4d h1:TnM+PKb3ylGmZvyPXmo9m/wktg7Jn/a/fNmr33HSj8g=
golang.org/x/time v0.0.0-20161028155119-f51c12702a4d/go.mod h1:tRJNPiyCQ0inRvYxbN9jk5I+vvW/OXSQhTDSoE431IQ=
golang.org/x/tools v0.0.0-20180221164845-07fd8470d635/go.mod h1:n7NCudcB/nEzxVGmLbDWY5pfWTLqBcC2KZ6jyYvM4mQ=
golang.org/x/tools v0.0.0-20180810170437-e96c4e24768d/go.mod h1:n7NCudcB/nEzxVGmLbDWY5pfWTLqBcC2KZ6jyYvM4mQ=
golang.org/x/tools v0.0.0-20190114222345-bf090417da8b/go.mod h1:n7NCudcB/nEzxVGmLbDWY5pfWTLqBcC2KZ6jyYvM4mQ=
golang.org/x/tools v0.0.0-20190226205152-f727befe758c h1:vamGzbGri8IKo20MQncCuljcQ5uAO6kaCeawQPVblAI=
golang.org/x/tools v0.0.0-20190226205152-f727befe758c/go.mod h1:9Yl7xja0Znq3iFh3HoIrodX9oNMXvdceNzlUR8zjMvY=
google.golang.org/appengine v1.1.0/go.mod h1:EbEs0AVv82hx2wNQdGPgUI5lhzA/G0D9YwlJXL52JkM=
google.golang.org/appengine v1.4.0 h1:/wp5JvzpHIxhs/dumFmF7BXTf3Z+dd4uXta4kVyO508=
google.golang.org/appengine v1.4.0/go.mod h1:xpcJRLb0r/rnEns0DIKYYv+WjYCduHsrkT7/EB5XEv4=
google.golang.org/genproto v0.0.0-20180817151627-c66870c02cf8/go.mod h1:JiN7NxoALGmiZfu7CAH4rXhgtRTLTxftemlI0sWmxmc=
google.golang.org/genproto v0.0.0-20190819201941-24fa4b261c55 h1:gSJIx1SDwno+2ElGhA4+qG2zF97qiUzTM+rQ0klBOcE=
google.golang.org/genproto v0.0.0-20190819201941-24fa4b261c55/go.mod h1:DMBHOl98Agz4BDEuKkezgsaosCRResVns1a3J2ZsMNc=
google.golang.org/grpc v1.19.0 h1:cfg4PD8YEdSFnm7qLV4++93WcmhH2nIUhMjhdCvl3j8=
google.golang.org/grpc v1.19.0/go.mod h1:mqu4LbDTu4XGKhr4mRzUsmM4RtVoemTSY81AxZiDr8c=
gopkg.in/alecthomas/kingpin.v2 v2.2.6/go.mod h1:FMv+mEhP44yOT+4EoQTLFTRgOQ1FBLkstjWtayDeSgw=
gopkg.in/asn1-ber.v1 v1.0.0-20181015200546-f715ec2f112d h1:TxyelI5cVkbREznMhfzycHdkp5cLA7DpE+GKjSslYhM=
gopkg.in/asn1-ber.v1 v1.0.0-20181015200546-f715ec2f112d/go.mod h1:cuepJuh7vyXfUyUwEgHQXw849cJrilpS5NeIjOWESAw=
gopkg.in/check.v1 v0.0.0-20161208181325-20d25e280405 h1:yhCVgyC4o1eVCa2tZl7eS0r+SDo693bJlVdllGtEeKM=
gopkg.in/check.v1 v0.0.0-20161208181325-20d25e280405/go.mod h1:Co6ibVJAznAaIkqp8huTwlJQCZ016jof/cbN4VW5Yz0=
gopkg.in/fsnotify.v1 v1.4.7/go.mod h1:Tz8NjZHkW78fSQdbUxIjBTcgA1z1m8ZHf0WmKUhAMys=
gopkg.in/inf.v0 v0.9.0 h1:3zYtXIO92bvsdS3ggAdA8Gb4Azj0YU+TVY1uGYNFA8o=
gopkg.in/inf.v0 v0.9.0/go.mod h1:cWUDdTG/fYaXco+Dcufb5Vnc6Gp2YChqWtbxRZE0mXw=
gopkg.in/ldap.v2 v2.5.1 h1:wiu0okdNfjlBzg6UWvd1Hn8Y+Ux17/u/4nlk4CQr6tU=
gopkg.in/ldap.v2 v2.5.1/go.mod h1:oI0cpe/D7HRtBQl8aTg+ZmzFUAvu4lsv3eLXMLGFxWk=
gopkg.in/square/go-jose.v2 v2.0.0-20180411045311-89060dee6a84 h1:ELQJ5WuT+ydETLCpWvAuw8iGBQRGoJq+A3RAbbAcZUY=
gopkg.in/square/go-jose.v2 v2.0.0-20180411045311-89060dee6a84/go.mod h1:M9dMgbHiYLoDGQrXy7OpJDJWiKiU//h+vD76mk0e1AI=
gopkg.in/tomb.v1 v1.0.0-20141024135613-dd632973f1e7/go.mod h1:dt/ZhP58zS4L8KSrWDmTeBkI65Dw0HsyUHuEVlX15mw=
gopkg.in/yaml.v2 v2.2.1 h1:mUhvW9EsL+naU5Q3cakzfE91YhliOondGd6ZrsDBHQE=
gopkg.in/yaml.v2 v2.2.1/go.mod h1:hI93XBmqTisBFMUTm0b8Fm+jr3Dg1NNxqwp+5A1VGuI=
gopkg.in/yaml.v2 v2.2.2 h1:ZCJp+EgiOT7lHqUV2J862kp8Qj64Jo6az82+3Td9dZw=
gopkg.in/yaml.v2 v2.2.2/go.mod h1:hI93XBmqTisBFMUTm0b8Fm+jr3Dg1NNxqwp+5A1VGuI=
gotest.tools v0.0.0-20190624233834-05ebafbffc79 h1:C+K4iPg1rIvmCf4JjelkbWv2jeWevEwp05Lz8XfTYgE=
gotest.tools v0.0.0-20190624233834-05ebafbffc79/go.mod h1:R//lfYlUuTOTfblYI3lGoAAAebUdzjvbmQsuB7Ykd90=
honnef.co/go/tools v0.0.0-20190102054323-c2f93a96b099/go.mod h1:rf3lG4BRIbNafJWhAfAdb/ePZxsR/4RtNHQocxwk9r4=
k8s.io/api v0.0.0-20190313235455-40a48860b5ab h1:DG9A67baNpoeweOy2spF1OWHhnVY5KR7/Ek/+U1lVZc=
k8s.io/api v0.0.0-20190313235455-40a48860b5ab/go.mod h1:iuAfoD4hCxJ8Onx9kaTIt30j7jUFS00AXQi6QMi99vA=
k8s.io/apiextensions-apiserver v0.0.0-20190315093550-53c4693659ed h1:rCteec//ELIjZMfjIGQbVtZooyaofqDJwsmWwWKItNs=
k8s.io/apiextensions-apiserver v0.0.0-20190315093550-53c4693659ed/go.mod h1:IxkesAMoaCRoLrPJdZNZUQp9NfZnzqaVzLhb2VEQzXE=
k8s.io/apiserver v0.0.0-20190313205120-8b27c41bdbb1 h1:8JYeBJdfXeNkq2RsG0hmvA4miGaN/3Y7bTt+vs2MnOE=
k8s.io/apiserver v0.0.0-20190313205120-8b27c41bdbb1/go.mod h1:6bqaTSOSJavUIXUtfaR9Os9JtTCm8ZqH2SUl2S60C4w=
k8s.io/cloud-provider v0.0.0-20190314002645-c892ea32361a h1:BI+pqnBBhVvQ3CzDgj/S3/ibB2zyyX6if8CfnZb4DO4=
k8s.io/cloud-provider v0.0.0-20190314002645-c892ea32361a/go.mod h1:LlIffnLBu+GG7d4ppPzC8UnA1Ex8S+ntmSRVsnr7Xy4=
k8s.io/component-base v0.0.0-20190314000054-4a91899592f4 h1:XOA0webBnNMJ6WOYQT1LzYtpEopiFgNzFI/L53B3ZsE=
k8s.io/component-base v0.0.0-20190314000054-4a91899592f4/go.mod h1:DMaomcf3j3MM2j1FsvlLVVlc7wA2jPytEur3cP9zRxQ=
k8s.io/klog v0.0.0-20181108234604-8139d8cb77af h1:s6rm8OxBbyDNSRkpyAd5OL4icUdBICVw9+mFADa+t5E=
k8s.io/klog v0.0.0-20181108234604-8139d8cb77af/go.mod h1:Gq+BEi5rUBO/HRz0bTSXDUcqjScdoY3a9IHpCEIOOfk=
k8s.io/kube-openapi v0.0.0-20190228160746-b3a7cee44a30 h1:TRb4wNWoBVrH9plmkp2q86FIDppkbrEXdXlxU3a3BMI=
k8s.io/kube-openapi v0.0.0-20190228160746-b3a7cee44a30/go.mod h1:BXM9ceUBTj2QnfH2MK1odQs778ajze1RxcmP6S8RVVc=
k8s.io/metrics v0.0.0-20190314001731-1bd6a4002213 h1:A6V9LYr45ibllNnB+f6s2i4YalvUJGSzLSKQWsik4CI=
k8s.io/metrics v0.0.0-20190314001731-1bd6a4002213/go.mod h1:a25VAbm3QT3xiVl1jtoF1ueAKQM149UdZ+L93ePfV3M=
k8s.io/utils v0.0.0-20190221042446-c2654d5206da h1:ElyM7RPonbKnQqOcw7dG2IK5uvQQn3b/WPHqD5mBvP4=
k8s.io/utils v0.0.0-20190221042446-c2654d5206da/go.mod h1:8k8uAuAQ0rXslZKaEWd0c3oVhZz7sSzSiPnVZayjIX0=
sigs.k8s.io/kustomize v2.0.3+incompatible h1:JUufWFNlI44MdtnjUqVnvh29rR37PQFzPbLXqhyOyX0=
sigs.k8s.io/kustomize v2.0.3+incompatible/go.mod h1:MkjgH3RdOWrievjo6c9T245dYlB5QeXV4WCbnt/PEpU=
sigs.k8s.io/yaml v1.1.0 h1:4A07+ZFc2wgJwo8YNlQpr1rVlgUDlxXHhPJciaPY5gs=
sigs.k8s.io/yaml v1.1.0/go.mod h1:UJmg0vDUVViEyp3mgSv9WPwZCDxu4rQW1olrI1uml+o=
vbom.ml/util v0.0.0-20160121211510-db5cfe13f5cc h1:MksmcCZQWAQJCTA5T0jgI/0sJ51AVm4Z41MrmfczEoc=
vbom.ml/util v0.0.0-20160121211510-db5cfe13f5cc/go.mod h1:so/NYdZXCz+E3ZpW0uAoCj6uzU2+8OWDFv/HxUSs7kI=
